
Microsoft Visual Studio Solution File, Format Version 12.00
# Visual Studio 2013
VisualStudioVersion = 12.0.31101.0
MinimumVisualStudioVersion = 10.0.40219.1
Project("{FAE04EC0-301F-11D3-BF4B-00C04F79EFBC}") = "PL", "PL\PL.csproj", "{C8FB25DB-12E4-4453-9776-D8991FE26F8A}"
EndProject
Project("{FAE04EC0-301F-11D3-BF4B-00C04F79EFBC}") = "DAL", "DAL\DAL.csproj", "{02EC3D94-84A4-4357-86DA-1529092B50C2}"
EndProject
Project("{FAE04EC0-301F-11D3-BF4B-00C04F79EFBC}") = "BL", "BL\BL.csproj", "{210C7AB4-F1AA-44F2-B25C-BCF300F168B9}"
EndProject
Global
	GlobalSection(SolutionConfigurationPlatforms) = preSolution
		Debug|Any CPU = Debug|Any CPU
		Release|Any CPU = Release|Any CPU
	EndGlobalSection
	GlobalSection(ProjectConfigurationPlatforms) = postSolution
		{C8FB25DB-12E4-4453-9776-D8991FE26F8A}.Debug|Any CPU.ActiveCfg = Debug|Any CPU
		{C8FB25DB-12E4-4453-9776-D8991FE26F8A}.Debug|Any CPU.Build.0 = Debug|Any CPU
		{C8FB25DB-12E4-4453-9776-D8991FE26F8A}.Release|Any CPU.ActiveCfg = Release|Any CPU
		{C8FB25DB-12E4-4453-9776-D8991FE26F8A}.Release|Any CPU.Build.0 = Release|Any CPU
		{02EC3D94-84A4-4357-86DA-1529092B50C2}.Debug|Any CPU.ActiveCfg = Debug|Any CPU
		{02EC3D94-84A4-4357-86DA-1529092B50C2}.Debug|Any CPU.Build.0 = Debug|Any CPU
		{02EC3D94-84A4-4357-86DA-1529092B50C2}.Release|Any CPU.ActiveCfg = Release|Any CPU
		{02EC3D94-84A4-4357-86DA-1529092B50C2}.Release|Any CPU.Build.0 = Release|Any CPU
		{210C7AB4-F1AA-44F2-B25C-BCF300F168B9}.Debug|Any CPU.ActiveCfg = Debug|Any CPU
		{210C7AB4-F1AA-44F2-B25C-BCF300F168B9}.Debug|Any CPU.Build.0 = Debug|Any CPU
		{210C7AB4-F1AA-44F2-B25C-BCF300F168B9}.Release|Any CPU.ActiveCfg = Release|Any CPU
		{210C7AB4-F1AA-44F2-B25C-BCF300F168B9}.Release|Any CPU.Build.0 = Release|Any CPU
	EndGlobalSection
	GlobalSection(SolutionProperties) = preSolution
		HideSolutionNode = FALSE
	EndGlobalSection
EndGlobal
