
Microsoft Visual Studio Solution File, Format Version 12.00
# Visual Studio 2013
VisualStudioVersion = 12.0.31101.0
MinimumVisualStudioVersion = 10.0.40219.1
Project("{FAE04EC0-301F-11D3-BF4B-00C04F79EFBC}") = "SMSWebAPI", "SMSWebAPI\SMSWebAPI.csproj", "{A952D8B4-C97C-4DEF-BBA3-98956CF27B8F}"
EndProject
Project("{FAE04EC0-301F-11D3-BF4B-00C04F79EFBC}") = "SMSWebAPI.Tests", "SMSWebAPI.Tests\SMSWebAPI.Tests.csproj", "{7AF974C8-894D-4D8D-8DDA-835428118924}"
EndProject
Global
	GlobalSection(SolutionConfigurationPlatforms) = preSolution
		Debug|Any CPU = Debug|Any CPU
		Release|Any CPU = Release|Any CPU
	EndGlobalSection
	GlobalSection(ProjectConfigurationPlatforms) = postSolution
		{A952D8B4-C97C-4DEF-BBA3-98956CF27B8F}.Debug|Any CPU.ActiveCfg = Debug|Any CPU
		{A952D8B4-C97C-4DEF-BBA3-98956CF27B8F}.Debug|Any CPU.Build.0 = Debug|Any CPU
		{A952D8B4-C97C-4DEF-BBA3-98956CF27B8F}.Release|Any CPU.ActiveCfg = Release|Any CPU
		{A952D8B4-C97C-4DEF-BBA3-98956CF27B8F}.Release|Any CPU.Build.0 = Release|Any CPU
		{7AF974C8-894D-4D8D-8DDA-835428118924}.Debug|Any CPU.ActiveCfg = Debug|Any CPU
		{7AF974C8-894D-4D8D-8DDA-835428118924}.Debug|Any CPU.Build.0 = Debug|Any CPU
		{7AF974C8-894D-4D8D-8DDA-835428118924}.Release|Any CPU.ActiveCfg = Release|Any CPU
		{7AF974C8-894D-4D8D-8DDA-835428118924}.Release|Any CPU.Build.0 = Release|Any CPU
	EndGlobalSection
	GlobalSection(SolutionProperties) = preSolution
		HideSolutionNode = FALSE
	EndGlobalSection
EndGlobal
